
Microsoft Visual Studio Solution File, Format Version 12.00
# Visual Studio Version 17
VisualStudioVersion = 17.7.34031.279
MinimumVisualStudioVersion = 10.0.40219.1
Project("{FAE04EC0-301F-11D3-BF4B-00C04F79EFBC}") = "MathGame.Maui", "MathGame.Maui\MathGame.Maui.csproj", "{7CF93CFF-693C-4AF8-B3F8-ADEBFA0CF027}"
EndProject
Global
	GlobalSection(SolutionConfigurationPlatforms) = preSolution
		Debug|Any CPU = Debug|Any CPU
		Release|Any CPU = Release|Any CPU
	EndGlobalSection
	GlobalSection(ProjectConfigurationPlatforms) = postSolution
		{7CF93CFF-693C-4AF8-B3F8-ADEBFA0CF027}.Debug|Any CPU.ActiveCfg = Debug|Any CPU
		{7CF93CFF-693C-4AF8-B3F8-ADEBFA0CF027}.Debug|Any CPU.Build.0 = Debug|Any CPU
		{7CF93CFF-693C-4AF8-B3F8-ADEBFA0CF027}.Debug|Any CPU.Deploy.0 = Debug|Any CPU
		{7CF93CFF-693C-4AF8-B3F8-ADEBFA0CF027}.Release|Any CPU.ActiveCfg = Release|Any CPU
		{7CF93CFF-693C-4AF8-B3F8-ADEBFA0CF027}.Release|Any CPU.Build.0 = Release|Any CPU
		{7CF93CFF-693C-4AF8-B3F8-ADEBFA0CF027}.Release|Any CPU.Deploy.0 = Release|Any CPU
	EndGlobalSection
	GlobalSection(SolutionProperties) = preSolution
		HideSolutionNode = FALSE
	EndGlobalSection
	GlobalSection(ExtensibilityGlobals) = postSolution
		SolutionGuid = {6BB5BF4C-D317-4F55-B618-B5AE0B946DC0}
	EndGlobalSection
EndGlobal
